
Microsoft Visual Studio Solution File, Format Version 12.00
# Visual Studio 15
VisualStudioVersion = 15.0.27428.2005
MinimumVisualStudioVersion = 10.0.40219.1
Project("{FAE04EC0-301F-11D3-BF4B-00C04F79EFBC}") = "SoloC4", "SoloC4\SoloC4.csproj", "{6EAE6FC0-232A-4211-A023-944E6A83DDB8}"
EndProject
Global
	GlobalSection(SolutionConfigurationPlatforms) = preSolution
		Debug|Any CPU = Debug|Any CPU
		Release|Any CPU = Release|Any CPU
	EndGlobalSection
	GlobalSection(ProjectConfigurationPlatforms) = postSolution
		{6EAE6FC0-232A-4211-A023-944E6A83DDB8}.Debug|Any CPU.ActiveCfg = Debug|Any CPU
		{6EAE6FC0-232A-4211-A023-944E6A83DDB8}.Debug|Any CPU.Build.0 = Debug|Any CPU
		{6EAE6FC0-232A-4211-A023-944E6A83DDB8}.Release|Any CPU.ActiveCfg = Release|Any CPU
		{6EAE6FC0-232A-4211-A023-944E6A83DDB8}.Release|Any CPU.Build.0 = Release|Any CPU
	EndGlobalSection
	GlobalSection(SolutionProperties) = preSolution
		HideSolutionNode = FALSE
	EndGlobalSection
	GlobalSection(ExtensibilityGlobals) = postSolution
		SolutionGuid = {BC3EEE71-8E58-480A-BB5D-D8B84F6ED651}
	EndGlobalSection
EndGlobal
